
Microsoft Visual Studio Solution File, Format Version 12.00
# Visual Studio Version 16
VisualStudioVersion = 16.0.31911.196
MinimumVisualStudioVersion = 10.0.40219.1
Project("{9A19103F-16F7-4668-BE54-9A1E7A4F7556}") = "WinProcessMonitor", "WinProcessMonitor\WinProcessMonitor.csproj", "{5E408AAD-92E7-4FD9-982B-FEBDE53CF4D1}"
EndProject
Project("{FAE04EC0-301F-11D3-BF4B-00C04F79EFBC}") = "WinProcessMonitorTests", "WinProcessMonitorTests\WinProcessMonitorTests.csproj", "{1C0489FC-6447-4E86-9360-65AE2CDF2BC8}"
EndProject
Global
	GlobalSection(SolutionConfigurationPlatforms) = preSolution
		Debug|Any CPU = Debug|Any CPU
		Release|Any CPU = Release|Any CPU
	EndGlobalSection
	GlobalSection(ProjectConfigurationPlatforms) = postSolution
		{5E408AAD-92E7-4FD9-982B-FEBDE53CF4D1}.Debug|Any CPU.ActiveCfg = Debug|Any CPU
		{5E408AAD-92E7-4FD9-982B-FEBDE53CF4D1}.Debug|Any CPU.Build.0 = Debug|Any CPU
		{5E408AAD-92E7-4FD9-982B-FEBDE53CF4D1}.Release|Any CPU.ActiveCfg = Release|Any CPU
		{5E408AAD-92E7-4FD9-982B-FEBDE53CF4D1}.Release|Any CPU.Build.0 = Release|Any CPU
		{1C0489FC-6447-4E86-9360-65AE2CDF2BC8}.Debug|Any CPU.ActiveCfg = Debug|Any CPU
		{1C0489FC-6447-4E86-9360-65AE2CDF2BC8}.Debug|Any CPU.Build.0 = Debug|Any CPU
		{1C0489FC-6447-4E86-9360-65AE2CDF2BC8}.Release|Any CPU.ActiveCfg = Release|Any CPU
		{1C0489FC-6447-4E86-9360-65AE2CDF2BC8}.Release|Any CPU.Build.0 = Release|Any CPU
	EndGlobalSection
	GlobalSection(SolutionProperties) = preSolution
		HideSolutionNode = FALSE
	EndGlobalSection
	GlobalSection(ExtensibilityGlobals) = postSolution
		SolutionGuid = {DB4B1E31-9060-46D0-A500-EE29960F160E}
	EndGlobalSection
EndGlobal
